
Microsoft Visual Studio Solution File, Format Version 12.00
Project("{FAE04EC0-301F-11D3-BF4B-00C04F79EFBC}") = "Beyond-LINQ-Using-Expression-Trees-in-.NET.React", "Beyond-LINQ-Using-Expression-Trees-in-.NET.React\Beyond-LINQ-Using-Expression-Trees-in-.NET.React.csproj", "{4805C9F4-B4E2-4BC6-91CE-94ED2EA0C54E}"
EndProject
Project("{FAE04EC0-301F-11D3-BF4B-00C04F79EFBC}") = "Beyond-LINQ-Using-Expression-Trees-in-.NET.Tests", "Beyond-LINQ-Using-Expression-Trees-in-.NET.Tests\Beyond-LINQ-Using-Expression-Trees-in-.NET.Tests.csproj", "{064A9B1D-70CF-493E-8204-4E6874A1C0A3}"
EndProject
Global
	GlobalSection(SolutionConfigurationPlatforms) = preSolution
		Debug|Any CPU = Debug|Any CPU
		Release|Any CPU = Release|Any CPU
	EndGlobalSection
	GlobalSection(ProjectConfigurationPlatforms) = postSolution
		{4805C9F4-B4E2-4BC6-91CE-94ED2EA0C54E}.Debug|Any CPU.ActiveCfg = Debug|Any CPU
		{4805C9F4-B4E2-4BC6-91CE-94ED2EA0C54E}.Debug|Any CPU.Build.0 = Debug|Any CPU
		{4805C9F4-B4E2-4BC6-91CE-94ED2EA0C54E}.Release|Any CPU.ActiveCfg = Release|Any CPU
		{4805C9F4-B4E2-4BC6-91CE-94ED2EA0C54E}.Release|Any CPU.Build.0 = Release|Any CPU
		{064A9B1D-70CF-493E-8204-4E6874A1C0A3}.Debug|Any CPU.ActiveCfg = Debug|Any CPU
		{064A9B1D-70CF-493E-8204-4E6874A1C0A3}.Debug|Any CPU.Build.0 = Debug|Any CPU
		{064A9B1D-70CF-493E-8204-4E6874A1C0A3}.Release|Any CPU.ActiveCfg = Release|Any CPU
		{064A9B1D-70CF-493E-8204-4E6874A1C0A3}.Release|Any CPU.Build.0 = Release|Any CPU
	EndGlobalSection
EndGlobal
